<Solution>
  <Folder Name="/Solution Items/">
    <File Path="docs/Audit_Report_09-03-26.md" />
    <File Path="docs/BenchmarkResults.md" />
    <File Path="docs/CHANGELOG.md" />
    <File Path="package-dll.ps1" />
    <File Path="README.md" />
  </Folder>
  <Project Path="src/SevenZipWrapper.Benchmark/SevenZipWrapper.Benchmark.csproj" />
  <Project Path="src/SevenZipWrapper.Example/SevenZipWrapper.Example.csproj" />
  <Project Path="src/SevenZipWrapper.Tests/SevenZipWrapper.Tests.csproj" />
  <Project Path="src/SevenZipWrapper/SevenZipWrapper.csproj" />
</Solution>
